
Microsoft Visual Studio Solution File, Format Version 12.00
# Visual Studio Version 17
VisualStudioVersion = 17.11.35312.102
MinimumVisualStudioVersion = 10.0.40219.1
Project("{2150E333-8FDC-42A3-9474-1A3956D46DE8}") = "Task0", "Task0", "{8B9FAF9D-5A36-4A07-A64B-6F4B57781BEC}"
EndProject
Project("{FAE04EC0-301F-11D3-BF4B-00C04F79EFBC}") = "Tyuiu.KhuzinaDR.Sprint1.Task0.V26", "Tyuiu.KhuzinaDR.Sprint1.Task0.V26\Tyuiu.KhuzinaDR.Sprint1.Task0.V26.csproj", "{A70CD72D-09ED-4932-A79E-CD779D927DE9}"
EndProject
Project("{FAE04EC0-301F-11D3-BF4B-00C04F79EFBC}") = "Tyuiu.KhuzinaDR.Sprint1.Task0.V26.Lib", "Tyuiu.KhuzinaDR.Sprint1.Task0.V26.Lib\Tyuiu.KhuzinaDR.Sprint1.Task0.V26.Lib.csproj", "{4126ECDB-A903-4213-BDD4-92A15C7BA531}"
EndProject
Project("{FAE04EC0-301F-11D3-BF4B-00C04F79EFBC}") = "Tyuiu.KhuzinaDR.Sprint1.Task0.V26.Test", "Tyuiu.KhuzinaDR.Sprint1.Task0.V26.Test\Tyuiu.KhuzinaDR.Sprint1.Task0.V26.Test.csproj", "{0CC5B730-9F13-4DB7-A978-AC817D743269}"
EndProject
Project("{2150E333-8FDC-42A3-9474-1A3956D46DE8}") = "Task1", "Task1", "{C3CB4612-B2F2-40DD-84CE-305878A54D0B}"
EndProject
Project("{FAE04EC0-301F-11D3-BF4B-00C04F79EFBC}") = "Tyuiu.KhuzinaDR.Sprint1.Task1.V21", "Tyuiu.KhuzinaDR.Sprint1.Task1.V21\Tyuiu.KhuzinaDR.Sprint1.Task1.V21.csproj", "{8E185F34-3453-47D0-B385-8D0BBDA56CE3}"
EndProject
Project("{FAE04EC0-301F-11D3-BF4B-00C04F79EFBC}") = "Tyuiu.KhuzinaDR.Sprint1.Task1.V21.Lib", "Tyuiu.KhuzinaDR.Sprint1.Task1.V21.Lib\Tyuiu.KhuzinaDR.Sprint1.Task1.V21.Lib.csproj", "{47D18EEE-962C-47EC-8553-7ED9EBA551B4}"
EndProject
Project("{FAE04EC0-301F-11D3-BF4B-00C04F79EFBC}") = "Tyuiu.KhuzinaDR.Sprint1.Task1.V21.Test", "Tyuiu.KhuzinaDR.Sprint1.Task1.V21.Test\Tyuiu.KhuzinaDR.Sprint1.Task1.V21.Test.csproj", "{D9A68702-29C1-4587-93C3-7648890CE7AD}"
EndProject
Project("{2150E333-8FDC-42A3-9474-1A3956D46DE8}") = "Task2", "Task2", "{CE873C4B-8BE1-4574-A517-C0931D24C66D}"
EndProject
Project("{FAE04EC0-301F-11D3-BF4B-00C04F79EFBC}") = "Tyuiu.KhuzinaDR.Sprint1.Task2.V16", "Tyuiu.KhuzinaDR.Sprint1.Task2.V16\Tyuiu.KhuzinaDR.Sprint1.Task2.V16.csproj", "{E8E2FE99-6021-414F-B484-AACFB48274A4}"
EndProject
Project("{FAE04EC0-301F-11D3-BF4B-00C04F79EFBC}") = "Tyuiu.KhuzinaDR.Sprint1.Task2.V16.Lib", "Tyuiu.KhuzinaDR.Sprint1.Task2.V16.Lib\Tyuiu.KhuzinaDR.Sprint1.Task2.V16.Lib.csproj", "{B14450BD-5F07-4834-AAE1-BD929D1A717D}"
EndProject
Project("{FAE04EC0-301F-11D3-BF4B-00C04F79EFBC}") = "Tyuiu.KhuzinaDR.Sprint1.Task2.V16.Test", "Tyuiu.KhuzinaDR.Sprint1.Task2.V16.Test\Tyuiu.KhuzinaDR.Sprint1.Task2.V16.Test.csproj", "{234E3FD9-B14B-4005-B16C-A6C0E6D839DF}"
EndProject
Project("{2150E333-8FDC-42A3-9474-1A3956D46DE8}") = "Task3", "Task3", "{DE4821FF-576B-4056-B0A9-4DAE8DA4496B}"
EndProject
Project("{FAE04EC0-301F-11D3-BF4B-00C04F79EFBC}") = "Tyuiu.KhuzinaDR.Sprint1.Task3.V12", "Tyuiu.KhuzinaDR.Sprint1.Task3.V12\Tyuiu.KhuzinaDR.Sprint1.Task3.V12.csproj", "{8F26BD2C-CE49-44B9-A9C0-74CCE523FE2F}"
EndProject
Project("{FAE04EC0-301F-11D3-BF4B-00C04F79EFBC}") = "Tyuiu.KhuzinaDR.Sprint1.Task3.V12.Lib", "Tyuiu.KhuzinaDR.Sprint1.Task3.V12.Lib\Tyuiu.KhuzinaDR.Sprint1.Task3.V12.Lib.csproj", "{DF15C2D3-8A6D-494E-A7D2-C46EBF6656B6}"
EndProject
Project("{FAE04EC0-301F-11D3-BF4B-00C04F79EFBC}") = "Tyuiu.KhuzinaDR.Sprint1.Task3.V12.Test", "Tyuiu.KhuzinaDR.Sprint1.Task3.V12.Test\Tyuiu.KhuzinaDR.Sprint1.Task3.V12.Test.csproj", "{033C6D15-918A-49FA-8B69-65968E0AF4BC}"
EndProject
Project("{2150E333-8FDC-42A3-9474-1A3956D46DE8}") = "Task4", "Task4", "{CDBB6F92-1665-409B-B2A5-B1D89FD5E9C6}"
EndProject
Project("{FAE04EC0-301F-11D3-BF4B-00C04F79EFBC}") = "Tyuiu.KhuzinaDR.Sprint1.Task4.V5", "Tyuiu.KhuzinaDR.Sprint1.Task4.V5\Tyuiu.KhuzinaDR.Sprint1.Task4.V5.csproj", "{51AE37FA-1ADF-489C-B923-E689E6D11E04}"
EndProject
Project("{FAE04EC0-301F-11D3-BF4B-00C04F79EFBC}") = "Tyuiu.KhuzinaDR.Sprint1.Task4.V5.Lib", "Tyuiu.KhuzinaDR.Sprint1.Task4.V5.Lib\Tyuiu.KhuzinaDR.Sprint1.Task4.V5.Lib.csproj", "{49B91D59-CCA0-4018-80D6-B8BB0488A1C5}"
EndProject
Project("{FAE04EC0-301F-11D3-BF4B-00C04F79EFBC}") = "Tyuiu.KhuzinaDR.Sprint1.Task4.V5.Test", "Tyuiu.KhuzinaDR.Sprint1.Task4.V5.Test\Tyuiu.KhuzinaDR.Sprint1.Task4.V5.Test.csproj", "{43E64423-9A71-4A2D-905B-638023A762A8}"
EndProject
Project("{2150E333-8FDC-42A3-9474-1A3956D46DE8}") = "Task5", "Task5", "{217DB9C7-FB9E-4BD9-879A-D65437C64E8F}"
EndProject
Project("{FAE04EC0-301F-11D3-BF4B-00C04F79EFBC}") = "Tyuiu.KhuzinaDR.Sprint1.Task5.V5", "Tyuiu.KhuzinaDR.Sprint1.Task5.V5\Tyuiu.KhuzinaDR.Sprint1.Task5.V5.csproj", "{47C56049-FA12-44F2-A70F-C4512236667C}"
EndProject
Project("{FAE04EC0-301F-11D3-BF4B-00C04F79EFBC}") = "Tyuiu.KhuzinaDR.Sprint1.Task5.V5.Lib", "Tyuiu.KhuzinaDR.Sprint1.Task5.V5.Lib\Tyuiu.KhuzinaDR.Sprint1.Task5.V5.Lib.csproj", "{3E8C06A4-6F3B-455D-8AE8-FD92FFFC1AD6}"
EndProject
Project("{FAE04EC0-301F-11D3-BF4B-00C04F79EFBC}") = "Tyuiu.KhuzinaDR.Sprint1.Task5.V5.Test", "Tyuiu.KhuzinaDR.Sprint1.Task5.V5.Test\Tyuiu.KhuzinaDR.Sprint1.Task5.V5.Test.csproj", "{57136438-4FE4-48BE-B925-45D65C7B086B}"
EndProject
Project("{2150E333-8FDC-42A3-9474-1A3956D46DE8}") = "Task6", "Task6", "{05C765B4-EE05-498B-9E02-B588A61023BF}"
EndProject
Project("{FAE04EC0-301F-11D3-BF4B-00C04F79EFBC}") = "Tyuiu.KhuzinaDR.Sprint1.Task6.V8", "Tyuiu.KhuzinaDR.Sprint1.Task6.V8\Tyuiu.KhuzinaDR.Sprint1.Task6.V8.csproj", "{4167A5E1-38A0-44E9-8181-C966905B2DC0}"
EndProject
Project("{FAE04EC0-301F-11D3-BF4B-00C04F79EFBC}") = "Tyuiu.KhuzinaDR.Sprint1.Task6.V8.Lib", "Tyuiu.KhuzinaDR.Sprint1.Task6.V8.Lib\Tyuiu.KhuzinaDR.Sprint1.Task6.V8.Lib.csproj", "{9148D870-F216-400D-BD56-2DFF6F269212}"
EndProject
Project("{FAE04EC0-301F-11D3-BF4B-00C04F79EFBC}") = "Tyuiu.KhuzinaDR.Sprint1.Task6.V8.Test", "Tyuiu.KhuzinaDR.Sprint1.Task6.V8.Test\Tyuiu.KhuzinaDR.Sprint1.Task6.V8.Test.csproj", "{15ECF029-2FDF-4106-914B-EC9618E76BDB}"
EndProject
Project("{2150E333-8FDC-42A3-9474-1A3956D46DE8}") = "Task7", "Task7", "{D0A03173-A312-440F-8488-20BFDDF517BA}"
EndProject
Project("{FAE04EC0-301F-11D3-BF4B-00C04F79EFBC}") = "Tyuiu.KhuzinaDR.Sprint1.Task7.V23", "Tyuiu.KhuzinaDR.Sprint1.Task7.V23\Tyuiu.KhuzinaDR.Sprint1.Task7.V23.csproj", "{64647D1F-ACC1-4F78-AC19-9C2D31AB641C}"
EndProject
Project("{FAE04EC0-301F-11D3-BF4B-00C04F79EFBC}") = "Tyuiu.KhuzinaDR.Sprint1.Task7.V23.Lib", "Tyuiu.KhuzinaDR.Sprint1.Task7.V23.Lib\Tyuiu.KhuzinaDR.Sprint1.Task7.V23.Lib.csproj", "{77BB3AA3-082A-4A2E-878D-691BF17753D3}"
EndProject
Project("{FAE04EC0-301F-11D3-BF4B-00C04F79EFBC}") = "Tyuiu.KhuzinaDR.Sprint1.Task7.V23.Test", "Tyuiu.KhuzinaDR.Sprint1.Task7.V23.Test\Tyuiu.KhuzinaDR.Sprint1.Task7.V23.Test.csproj", "{DBBDDEC3-06E6-471D-843F-1D01309F4D25}"
EndProject
Global
	GlobalSection(SolutionConfigurationPlatforms) = preSolution
		Debug|Any CPU = Debug|Any CPU
		Release|Any CPU = Release|Any CPU
	EndGlobalSection
	GlobalSection(ProjectConfigurationPlatforms) = postSolution
		{A70CD72D-09ED-4932-A79E-CD779D927DE9}.Debug|Any CPU.ActiveCfg = Debug|Any CPU
		{A70CD72D-09ED-4932-A79E-CD779D927DE9}.Debug|Any CPU.Build.0 = Debug|Any CPU
		{A70CD72D-09ED-4932-A79E-CD779D927DE9}.Release|Any CPU.ActiveCfg = Release|Any CPU
		{A70CD72D-09ED-4932-A79E-CD779D927DE9}.Release|Any CPU.Build.0 = Release|Any CPU
		{4126ECDB-A903-4213-BDD4-92A15C7BA531}.Debug|Any CPU.ActiveCfg = Debug|Any CPU
		{4126ECDB-A903-4213-BDD4-92A15C7BA531}.Debug|Any CPU.Build.0 = Debug|Any CPU
		{4126ECDB-A903-4213-BDD4-92A15C7BA531}.Release|Any CPU.ActiveCfg = Release|Any CPU
		{4126ECDB-A903-4213-BDD4-92A15C7BA531}.Release|Any CPU.Build.0 = Release|Any CPU
		{0CC5B730-9F13-4DB7-A978-AC817D743269}.Debug|Any CPU.ActiveCfg = Debug|Any CPU
		{0CC5B730-9F13-4DB7-A978-AC817D743269}.Debug|Any CPU.Build.0 = Debug|Any CPU
		{0CC5B730-9F13-4DB7-A978-AC817D743269}.Release|Any CPU.ActiveCfg = Release|Any CPU
		{0CC5B730-9F13-4DB7-A978-AC817D743269}.Release|Any CPU.Build.0 = Release|Any CPU
		{8E185F34-3453-47D0-B385-8D0BBDA56CE3}.Debug|Any CPU.ActiveCfg = Debug|Any CPU
		{8E185F34-3453-47D0-B385-8D0BBDA56CE3}.Debug|Any CPU.Build.0 = Debug|Any CPU
		{8E185F34-3453-47D0-B385-8D0BBDA56CE3}.Release|Any CPU.ActiveCfg = Release|Any CPU
		{8E185F34-3453-47D0-B385-8D0BBDA56CE3}.Release|Any CPU.Build.0 = Release|Any CPU
		{47D18EEE-962C-47EC-8553-7ED9EBA551B4}.Debug|Any CPU.ActiveCfg = Debug|Any CPU
		{47D18EEE-962C-47EC-8553-7ED9EBA551B4}.Debug|Any CPU.Build.0 = Debug|Any CPU
		{47D18EEE-962C-47EC-8553-7ED9EBA551B4}.Release|Any CPU.ActiveCfg = Release|Any CPU
		{47D18EEE-962C-47EC-8553-7ED9EBA551B4}.Release|Any CPU.Build.0 = Release|Any CPU
		{D9A68702-29C1-4587-93C3-7648890CE7AD}.Debug|Any CPU.ActiveCfg = Debug|Any CPU
		{D9A68702-29C1-4587-93C3-7648890CE7AD}.Debug|Any CPU.Build.0 = Debug|Any CPU
		{D9A68702-29C1-4587-93C3-7648890CE7AD}.Release|Any CPU.ActiveCfg = Release|Any CPU
		{D9A68702-29C1-4587-93C3-7648890CE7AD}.Release|Any CPU.Build.0 = Release|Any CPU
		{E8E2FE99-6021-414F-B484-AACFB48274A4}.Debug|Any CPU.ActiveCfg = Debug|Any CPU
		{E8E2FE99-6021-414F-B484-AACFB48274A4}.Debug|Any CPU.Build.0 = Debug|Any CPU
		{E8E2FE99-6021-414F-B484-AACFB48274A4}.Release|Any CPU.ActiveCfg = Release|Any CPU
		{E8E2FE99-6021-414F-B484-AACFB48274A4}.Release|Any CPU.Build.0 = Release|Any CPU
		{B14450BD-5F07-4834-AAE1-BD929D1A717D}.Debug|Any CPU.ActiveCfg = Debug|Any CPU
		{B14450BD-5F07-4834-AAE1-BD929D1A717D}.Debug|Any CPU.Build.0 = Debug|Any CPU
		{B14450BD-5F07-4834-AAE1-BD929D1A717D}.Release|Any CPU.ActiveCfg = Release|Any CPU
		{B14450BD-5F07-4834-AAE1-BD929D1A717D}.Release|Any CPU.Build.0 = Release|Any CPU
		{234E3FD9-B14B-4005-B16C-A6C0E6D839DF}.Debug|Any CPU.ActiveCfg = Debug|Any CPU
		{234E3FD9-B14B-4005-B16C-A6C0E6D839DF}.Debug|Any CPU.Build.0 = Debug|Any CPU
		{234E3FD9-B14B-4005-B16C-A6C0E6D839DF}.Release|Any CPU.ActiveCfg = Release|Any CPU
		{234E3FD9-B14B-4005-B16C-A6C0E6D839DF}.Release|Any CPU.Build.0 = Release|Any CPU
		{8F26BD2C-CE49-44B9-A9C0-74CCE523FE2F}.Debug|Any CPU.ActiveCfg = Debug|Any CPU
		{8F26BD2C-CE49-44B9-A9C0-74CCE523FE2F}.Debug|Any CPU.Build.0 = Debug|Any CPU
		{8F26BD2C-CE49-44B9-A9C0-74CCE523FE2F}.Release|Any CPU.ActiveCfg = Release|Any CPU
		{8F26BD2C-CE49-44B9-A9C0-74CCE523FE2F}.Release|Any CPU.Build.0 = Release|Any CPU
		{DF15C2D3-8A6D-494E-A7D2-C46EBF6656B6}.Debug|Any CPU.ActiveCfg = Debug|Any CPU
		{DF15C2D3-8A6D-494E-A7D2-C46EBF6656B6}.Debug|Any CPU.Build.0 = Debug|Any CPU
		{DF15C2D3-8A6D-494E-A7D2-C46EBF6656B6}.Release|Any CPU.ActiveCfg = Release|Any CPU
		{DF15C2D3-8A6D-494E-A7D2-C46EBF6656B6}.Release|Any CPU.Build.0 = Release|Any CPU
		{033C6D15-918A-49FA-8B69-65968E0AF4BC}.Debug|Any CPU.ActiveCfg = Debug|Any CPU
		{033C6D15-918A-49FA-8B69-65968E0AF4BC}.Debug|Any CPU.Build.0 = Debug|Any CPU
		{033C6D15-918A-49FA-8B69-65968E0AF4BC}.Release|Any CPU.ActiveCfg = Release|Any CPU
		{033C6D15-918A-49FA-8B69-65968E0AF4BC}.Release|Any CPU.Build.0 = Release|Any CPU
		{51AE37FA-1ADF-489C-B923-E689E6D11E04}.Debug|Any CPU.ActiveCfg = Debug|Any CPU
		{51AE37FA-1ADF-489C-B923-E689E6D11E04}.Debug|Any CPU.Build.0 = Debug|Any CPU
		{51AE37FA-1ADF-489C-B923-E689E6D11E04}.Release|Any CPU.ActiveCfg = Release|Any CPU
		{51AE37FA-1ADF-489C-B923-E689E6D11E04}.Release|Any CPU.Build.0 = Release|Any CPU
		{49B91D59-CCA0-4018-80D6-B8BB0488A1C5}.Debug|Any CPU.ActiveCfg = Debug|Any CPU
		{49B91D59-CCA0-4018-80D6-B8BB0488A1C5}.Debug|Any CPU.Build.0 = Debug|Any CPU
		{49B91D59-CCA0-4018-80D6-B8BB0488A1C5}.Release|Any CPU.ActiveCfg = Release|Any CPU
		{49B91D59-CCA0-4018-80D6-B8BB0488A1C5}.Release|Any CPU.Build.0 = Release|Any CPU
		{43E64423-9A71-4A2D-905B-638023A762A8}.Debug|Any CPU.ActiveCfg = Debug|Any CPU
		{43E64423-9A71-4A2D-905B-638023A762A8}.Debug|Any CPU.Build.0 = Debug|Any CPU
		{43E64423-9A71-4A2D-905B-638023A762A8}.Release|Any CPU.ActiveCfg = Release|Any CPU
		{43E64423-9A71-4A2D-905B-638023A762A8}.Release|Any CPU.Build.0 = Release|Any CPU
		{47C56049-FA12-44F2-A70F-C4512236667C}.Debug|Any CPU.ActiveCfg = Debug|Any CPU
		{47C56049-FA12-44F2-A70F-C4512236667C}.Debug|Any CPU.Build.0 = Debug|Any CPU
		{47C56049-FA12-44F2-A70F-C4512236667C}.Release|Any CPU.ActiveCfg = Release|Any CPU
		{47C56049-FA12-44F2-A70F-C4512236667C}.Release|Any CPU.Build.0 = Release|Any CPU
		{3E8C06A4-6F3B-455D-8AE8-FD92FFFC1AD6}.Debug|Any CPU.ActiveCfg = Debug|Any CPU
		{3E8C06A4-6F3B-455D-8AE8-FD92FFFC1AD6}.Debug|Any CPU.Build.0 = Debug|Any CPU
		{3E8C06A4-6F3B-455D-8AE8-FD92FFFC1AD6}.Release|Any CPU.ActiveCfg = Release|Any CPU
		{3E8C06A4-6F3B-455D-8AE8-FD92FFFC1AD6}.Release|Any CPU.Build.0 = Release|Any CPU
		{57136438-4FE4-48BE-B925-45D65C7B086B}.Debug|Any CPU.ActiveCfg = Debug|Any CPU
		{57136438-4FE4-48BE-B925-45D65C7B086B}.Debug|Any CPU.Build.0 = Debug|Any CPU
		{57136438-4FE4-48BE-B925-45D65C7B086B}.Release|Any CPU.ActiveCfg = Release|Any CPU
		{57136438-4FE4-48BE-B925-45D65C7B086B}.Release|Any CPU.Build.0 = Release|Any CPU
		{4167A5E1-38A0-44E9-8181-C966905B2DC0}.Debug|Any CPU.ActiveCfg = Debug|Any CPU
		{4167A5E1-38A0-44E9-8181-C966905B2DC0}.Debug|Any CPU.Build.0 = Debug|Any CPU
		{4167A5E1-38A0-44E9-8181-C966905B2DC0}.Release|Any CPU.ActiveCfg = Release|Any CPU
		{4167A5E1-38A0-44E9-8181-C966905B2DC0}.Release|Any CPU.Build.0 = Release|Any CPU
		{9148D870-F216-400D-BD56-2DFF6F269212}.Debug|Any CPU.ActiveCfg = Debug|Any CPU
		{9148D870-F216-400D-BD56-2DFF6F269212}.Debug|Any CPU.Build.0 = Debug|Any CPU
		{9148D870-F216-400D-BD56-2DFF6F269212}.Release|Any CPU.ActiveCfg = Release|Any CPU
		{9148D870-F216-400D-BD56-2DFF6F269212}.Release|Any CPU.Build.0 = Release|Any CPU
		{15ECF029-2FDF-4106-914B-EC9618E76BDB}.Debug|Any CPU.ActiveCfg = Debug|Any CPU
		{15ECF029-2FDF-4106-914B-EC9618E76BDB}.Debug|Any CPU.Build.0 = Debug|Any CPU
		{15ECF029-2FDF-4106-914B-EC9618E76BDB}.Release|Any CPU.ActiveCfg = Release|Any CPU
		{15ECF029-2FDF-4106-914B-EC9618E76BDB}.Release|Any CPU.Build.0 = Release|Any CPU
		{64647D1F-ACC1-4F78-AC19-9C2D31AB641C}.Debug|Any CPU.ActiveCfg = Debug|Any CPU
		{64647D1F-ACC1-4F78-AC19-9C2D31AB641C}.Debug|Any CPU.Build.0 = Debug|Any CPU
		{64647D1F-ACC1-4F78-AC19-9C2D31AB641C}.Release|Any CPU.ActiveCfg = Release|Any CPU
		{64647D1F-ACC1-4F78-AC19-9C2D31AB641C}.Release|Any CPU.Build.0 = Release|Any CPU
		{77BB3AA3-082A-4A2E-878D-691BF17753D3}.Debug|Any CPU.ActiveCfg = Debug|Any CPU
		{77BB3AA3-082A-4A2E-878D-691BF17753D3}.Debug|Any CPU.Build.0 = Debug|Any CPU
		{77BB3AA3-082A-4A2E-878D-691BF17753D3}.Release|Any CPU.ActiveCfg = Release|Any CPU
		{77BB3AA3-082A-4A2E-878D-691BF17753D3}.Release|Any CPU.Build.0 = Release|Any CPU
		{DBBDDEC3-06E6-471D-843F-1D01309F4D25}.Debug|Any CPU.ActiveCfg = Debug|Any CPU
		{DBBDDEC3-06E6-471D-843F-1D01309F4D25}.Debug|Any CPU.Build.0 = Debug|Any CPU
		{DBBDDEC3-06E6-471D-843F-1D01309F4D25}.Release|Any CPU.ActiveCfg = Release|Any CPU
		{DBBDDEC3-06E6-471D-843F-1D01309F4D25}.Release|Any CPU.Build.0 = Release|Any CPU
	EndGlobalSection
	GlobalSection(SolutionProperties) = preSolution
		HideSolutionNode = FALSE
	EndGlobalSection
	GlobalSection(NestedProjects) = preSolution
		{A70CD72D-09ED-4932-A79E-CD779D927DE9} = {8B9FAF9D-5A36-4A07-A64B-6F4B57781BEC}
		{4126ECDB-A903-4213-BDD4-92A15C7BA531} = {8B9FAF9D-5A36-4A07-A64B-6F4B57781BEC}
		{0CC5B730-9F13-4DB7-A978-AC817D743269} = {8B9FAF9D-5A36-4A07-A64B-6F4B57781BEC}
		{8E185F34-3453-47D0-B385-8D0BBDA56CE3} = {C3CB4612-B2F2-40DD-84CE-305878A54D0B}
		{47D18EEE-962C-47EC-8553-7ED9EBA551B4} = {C3CB4612-B2F2-40DD-84CE-305878A54D0B}
		{D9A68702-29C1-4587-93C3-7648890CE7AD} = {C3CB4612-B2F2-40DD-84CE-305878A54D0B}
		{E8E2FE99-6021-414F-B484-AACFB48274A4} = {CE873C4B-8BE1-4574-A517-C0931D24C66D}
		{B14450BD-5F07-4834-AAE1-BD929D1A717D} = {CE873C4B-8BE1-4574-A517-C0931D24C66D}
		{234E3FD9-B14B-4005-B16C-A6C0E6D839DF} = {CE873C4B-8BE1-4574-A517-C0931D24C66D}
		{8F26BD2C-CE49-44B9-A9C0-74CCE523FE2F} = {DE4821FF-576B-4056-B0A9-4DAE8DA4496B}
		{DF15C2D3-8A6D-494E-A7D2-C46EBF6656B6} = {DE4821FF-576B-4056-B0A9-4DAE8DA4496B}
		{033C6D15-918A-49FA-8B69-65968E0AF4BC} = {DE4821FF-576B-4056-B0A9-4DAE8DA4496B}
		{51AE37FA-1ADF-489C-B923-E689E6D11E04} = {CDBB6F92-1665-409B-B2A5-B1D89FD5E9C6}
		{49B91D59-CCA0-4018-80D6-B8BB0488A1C5} = {CDBB6F92-1665-409B-B2A5-B1D89FD5E9C6}
		{43E64423-9A71-4A2D-905B-638023A762A8} = {CDBB6F92-1665-409B-B2A5-B1D89FD5E9C6}
		{47C56049-FA12-44F2-A70F-C4512236667C} = {217DB9C7-FB9E-4BD9-879A-D65437C64E8F}
		{3E8C06A4-6F3B-455D-8AE8-FD92FFFC1AD6} = {217DB9C7-FB9E-4BD9-879A-D65437C64E8F}
		{57136438-4FE4-48BE-B925-45D65C7B086B} = {217DB9C7-FB9E-4BD9-879A-D65437C64E8F}
		{4167A5E1-38A0-44E9-8181-C966905B2DC0} = {05C765B4-EE05-498B-9E02-B588A61023BF}
		{9148D870-F216-400D-BD56-2DFF6F269212} = {05C765B4-EE05-498B-9E02-B588A61023BF}
		{15ECF029-2FDF-4106-914B-EC9618E76BDB} = {05C765B4-EE05-498B-9E02-B588A61023BF}
		{64647D1F-ACC1-4F78-AC19-9C2D31AB641C} = {D0A03173-A312-440F-8488-20BFDDF517BA}
		{77BB3AA3-082A-4A2E-878D-691BF17753D3} = {D0A03173-A312-440F-8488-20BFDDF517BA}
		{DBBDDEC3-06E6-471D-843F-1D01309F4D25} = {D0A03173-A312-440F-8488-20BFDDF517BA}
	EndGlobalSection
	GlobalSection(ExtensibilityGlobals) = postSolution
		SolutionGuid = {C18F48D2-9F94-4FE6-8F3D-533FEF0851CE}
	EndGlobalSection
EndGlobal
